// !$*UTF8*$!
{
	archiveVersion = 1;
	classes = {
	};
	objectVersion = 56;
	objects = {

/* Begin PBXBuildFile section */
		92114C902B389B6C002B5146 /* MyTeslaAppApp.swift in Sources */ = {isa = PBXBuildFile; fileRef = 92114C8F2B389B6C002B5146 /* MyTeslaAppApp.swift */; };
		92114C922B389B6C002B5146 /* ContentView.swift in Sources */ = {isa = PBXBuildFile; fileRef = 92114C912B389B6C002B5146 /* ContentView.swift */; };
		92114C942B389B6D002B5146 /* Assets.xcassets in Resources */ = {isa = PBXBuildFile; fileRef = 92114C932B389B6D002B5146 /* Assets.xcassets */; };
		92114C972B389B6D002B5146 /* Preview Assets.xcassets in Resources */ = {isa = PBXBuildFile; fileRef = 92114C962B389B6D002B5146 /* Preview Assets.xcassets */; };
		92114CA22B389E43002B5146 /* VoiceCommandButtonView.swift in Sources */ = {isa = PBXBuildFile; fileRef = 92114CA12B389E43002B5146 /* VoiceCommandButtonView.swift */; };
		92114CA52B389FF8002B5146 /* HomeHeaderView.swift in Sources */ = {isa = PBXBuildFile; fileRef = 92114CA42B389FF8002B5146 /* HomeHeaderView.swift */; };
		92114CA82B38A3AA002B5146 /* GeneralButtonView.swift in Sources */ = {isa = PBXBuildFile; fileRef = 92114CA72B38A3AA002B5146 /* GeneralButtonView.swift */; };
		92114CAB2B38A603002B5146 /* CarSectionView.swift in Sources */ = {isa = PBXBuildFile; fileRef = 92114CAA2B38A603002B5146 /* CarSectionView.swift */; };
		92114CAE2B38AC4B002B5146 /* CategoryHeader.swift in Sources */ = {isa = PBXBuildFile; fileRef = 92114CAD2B38AC4B002B5146 /* CategoryHeader.swift */; };
		92114CB02B38AF06002B5146 /* CategoryView.swift in Sources */ = {isa = PBXBuildFile; fileRef = 92114CAF2B38AF06002B5146 /* CategoryView.swift */; };
		92114CB32B38B963002B5146 /* AllSettingsView.swift in Sources */ = {isa = PBXBuildFile; fileRef = 92114CB22B38B963002B5146 /* AllSettingsView.swift */; };
		92CCEB5F2B39530B00B1CFB6 /* ReorderButtonView.swift in Sources */ = {isa = PBXBuildFile; fileRef = 92CCEB5E2B39530B00B1CFB6 /* ReorderButtonView.swift */; };
		92CCEB622B39578700B1CFB6 /* CarControlView.swift in Sources */ = {isa = PBXBuildFile; fileRef = 92CCEB612B39578700B1CFB6 /* CarControlView.swift */; };
		92CCEB642B395C6400B1CFB6 /* CarLockButtonView.swift in Sources */ = {isa = PBXBuildFile; fileRef = 92CCEB632B395C6400B1CFB6 /* CarLockButtonView.swift */; };
/* End PBXBuildFile section */

/* Begin PBXFileReference section */
		92114C8C2B389B6C002B5146 /* MyTeslaApp.app */ = {isa = PBXFileReference; explicitFileType = wrapper.application; includeInIndex = 0; path = MyTeslaApp.app; sourceTree = BUILT_PRODUCTS_DIR; };
		92114C8F2B389B6C002B5146 /* MyTeslaAppApp.swift */ = {isa = PBXFileReference; lastKnownFileType = sourcecode.swift; path = MyTeslaAppApp.swift; sourceTree = "<group>"; };
		92114C912B389B6C002B5146 /* ContentView.swift */ = {isa = PBXFileReference; lastKnownFileType = sourcecode.swift; path = ContentView.swift; sourceTree = "<group>"; };
		92114C932B389B6D002B5146 /* Assets.xcassets */ = {isa = PBXFileReference; lastKnownFileType = folder.assetcatalog; path = Assets.xcassets; sourceTree = "<group>"; };
		92114C962B389B6D002B5146 /* Preview Assets.xcassets */ = {isa = PBXFileReference; lastKnownFileType = folder.assetcatalog; path = "Preview Assets.xcassets"; sourceTree = "<group>"; };
		92114CA12B389E43002B5146 /* VoiceCommandButtonView.swift */ = {isa = PBXFileReference; lastKnownFileType = sourcecode.swift; path = VoiceCommandButtonView.swift; sourceTree = "<group>"; };
		92114CA42B389FF8002B5146 /* HomeHeaderView.swift */ = {isa = PBXFileReference; lastKnownFileType = sourcecode.swift; path = HomeHeaderView.swift; sourceTree = "<group>"; };
		92114CA72B38A3AA002B5146 /* GeneralButtonView.swift */ = {isa = PBXFileReference; lastKnownFileType = sourcecode.swift; path = GeneralButtonView.swift; sourceTree = "<group>"; };
		92114CAA2B38A603002B5146 /* CarSectionView.swift */ = {isa = PBXFileReference; lastKnownFileType = sourcecode.swift; path = CarSectionView.swift; sourceTree = "<group>"; };
		92114CAD2B38AC4B002B5146 /* CategoryHeader.swift */ = {isa = PBXFileReference; lastKnownFileType = sourcecode.swift; path = CategoryHeader.swift; sourceTree = "<group>"; };
		92114CAF2B38AF06002B5146 /* CategoryView.swift */ = {isa = PBXFileReference; lastKnownFileType = sourcecode.swift; path = CategoryView.swift; sourceTree = "<group>"; };
		92114CB22B38B963002B5146 /* AllSettingsView.swift */ = {isa = PBXFileReference; lastKnownFileType = sourcecode.swift; path = AllSettingsView.swift; sourceTree = "<group>"; };
		92CCEB5E2B39530B00B1CFB6 /* ReorderButtonView.swift */ = {isa = PBXFileReference; lastKnownFileType = sourcecode.swift; path = ReorderButtonView.swift; sourceTree = "<group>"; };
		92CCEB612B39578700B1CFB6 /* CarControlView.swift */ = {isa = PBXFileReference; lastKnownFileType = sourcecode.swift; path = CarControlView.swift; sourceTree = "<group>"; };
		92CCEB632B395C6400B1CFB6 /* CarLockButtonView.swift */ = {isa = PBXFileReference; lastKnownFileType = sourcecode.swift; path = CarLockButtonView.swift; sourceTree = "<group>"; };
/* End PBXFileReference section */

/* Begin PBXFrameworksBuildPhase section */
		92114C892B389B6C002B5146 /* Frameworks */ = {
			isa = PBXFrameworksBuildPhase;
			buildActionMask = 2147483647;
			files = (
			);
			runOnlyForDeploymentPostprocessing = 0;
		};
/* End PBXFrameworksBuildPhase section */

/* Begin PBXGroup section */
		92114C832B389B6C002B5146 = {
			isa = PBXGroup;
			children = (
				92114C8E2B389B6C002B5146 /* MyTeslaApp */,
				92114C8D2B389B6C002B5146 /* Products */,
			);
			sourceTree = "<group>";
		};
		92114C8D2B389B6C002B5146 /* Products */ = {
			isa = PBXGroup;
			children = (
				92114C8C2B389B6C002B5146 /* MyTeslaApp.app */,
			);
			name = Products;
			sourceTree = "<group>";
		};
		92114C8E2B389B6C002B5146 /* MyTeslaApp */ = {
			isa = PBXGroup;
			children = (
				92114C9F2B389E1F002B5146 /* Model */,
				92114C9E2B389E1B002B5146 /* View */,
				92114C9D2B389E16002B5146 /* ViewModel */,
				92114C8F2B389B6C002B5146 /* MyTeslaAppApp.swift */,
				92114C912B389B6C002B5146 /* ContentView.swift */,
				92114C932B389B6D002B5146 /* Assets.xcassets */,
				92114C952B389B6D002B5146 /* Preview Content */,
			);
			path = MyTeslaApp;
			sourceTree = "<group>";
		};
		92114C952B389B6D002B5146 /* Preview Content */ = {
			isa = PBXGroup;
			children = (
				92114C962B389B6D002B5146 /* Preview Assets.xcassets */,
			);
			path = "Preview Content";
			sourceTree = "<group>";
		};
		92114C9D2B389E16002B5146 /* ViewModel */ = {
			isa = PBXGroup;
			children = (
			);
			path = ViewModel;
			sourceTree = "<group>";
		};
		92114C9E2B389E1B002B5146 /* View */ = {
			isa = PBXGroup;
			children = (
				92CCEB602B39577C00B1CFB6 /* CarControl */,
				92CCEB5D2B39530000B1CFB6 /* ReorderButton */,
				92114CB12B38B958002B5146 /* AllSettings */,
				92114CAC2B38AC34002B5146 /* Category */,
				92114CA92B38A5E9002B5146 /* CarSection */,
				92114CA62B38A39E002B5146 /* GeneralButton */,
				92114CA32B389FE5002B5146 /* HomeHeader */,
				92114CA02B389E2E002B5146 /* VoiceCommandButton */,
			);
			path = View;
			sourceTree = "<group>";
		};
		92114C9F2B389E1F002B5146 /* Model */ = {
			isa = PBXGroup;
			children = (
			);
			path = Model;
			sourceTree = "<group>";
		};
		92114CA02B389E2E002B5146 /* VoiceCommandButton */ = {
			isa = PBXGroup;
			children = (
				92114CA12B389E43002B5146 /* VoiceCommandButtonView.swift */,
			);
			path = VoiceCommandButton;
			sourceTree = "<group>";
		};
		92114CA32B389FE5002B5146 /* HomeHeader */ = {
			isa = PBXGroup;
			children = (
				92114CA42B389FF8002B5146 /* HomeHeaderView.swift */,
			);
			path = HomeHeader;
			sourceTree = "<group>";
		};
		92114CA62B38A39E002B5146 /* GeneralButton */ = {
			isa = PBXGroup;
			children = (
				92114CA72B38A3AA002B5146 /* GeneralButtonView.swift */,
			);
			path = GeneralButton;
			sourceTree = "<group>";
		};
		92114CA92B38A5E9002B5146 /* CarSection */ = {
			isa = PBXGroup;
			children = (
				92114CAA2B38A603002B5146 /* CarSectionView.swift */,
			);
			path = CarSection;
			sourceTree = "<group>";
		};
		92114CAC2B38AC34002B5146 /* Category */ = {
			isa = PBXGroup;
			children = (
				92114CAD2B38AC4B002B5146 /* CategoryHeader.swift */,
				92114CAF2B38AF06002B5146 /* CategoryView.swift */,
			);
			path = Category;
			sourceTree = "<group>";
		};
		92114CB12B38B958002B5146 /* AllSettings */ = {
			isa = PBXGroup;
			children = (
				92114CB22B38B963002B5146 /* AllSettingsView.swift */,
			);
			path = AllSettings;
			sourceTree = "<group>";
		};
		92CCEB5D2B39530000B1CFB6 /* ReorderButton */ = {
			isa = PBXGroup;
			children = (
				92CCEB5E2B39530B00B1CFB6 /* ReorderButtonView.swift */,
			);
			path = ReorderButton;
			sourceTree = "<group>";
		};
		92CCEB602B39577C00B1CFB6 /* CarControl */ = {
			isa = PBXGroup;
			children = (
				92CCEB612B39578700B1CFB6 /* CarControlView.swift */,
				92CCEB632B395C6400B1CFB6 /* CarLockButtonView.swift */,
			);
			path = CarControl;
			sourceTree = "<group>";
		};
/* End PBXGroup section */

/* Begin PBXNativeTarget section */
		92114C8B2B389B6C002B5146 /* MyTeslaApp */ = {
			isa = PBXNativeTarget;
			buildConfigurationList = 92114C9A2B389B6D002B5146 /* Build configuration list for PBXNativeTarget "MyTeslaApp" */;
			buildPhases = (
				92114C882B389B6C002B5146 /* Sources */,
				92114C892B389B6C002B5146 /* Frameworks */,
				92114C8A2B389B6C002B5146 /* Resources */,
			);
			buildRules = (
			);
			dependencies = (
			);
			name = MyTeslaApp;
			productName = MyTeslaApp;
			productReference = 92114C8C2B389B6C002B5146 /* MyTeslaApp.app */;
			productType = "com.apple.product-type.application";
		};
/* End PBXNativeTarget section */

/* Begin PBXProject section */
		92114C842B389B6C002B5146 /* Project object */ = {
			isa = PBXProject;
			attributes = {
				BuildIndependentTargetsInParallel = 1;
				LastSwiftUpdateCheck = 1500;
				LastUpgradeCheck = 1500;
				TargetAttributes = {
					92114C8B2B389B6C002B5146 = {
						CreatedOnToolsVersion = 15.0.1;
					};
				};
			};
			buildConfigurationList = 92114C872B389B6C002B5146 /* Build configuration list for PBXProject "MyTeslaApp" */;
			compatibilityVersion = "Xcode 14.0";
			developmentRegion = en;
			hasScannedForEncodings = 0;
			knownRegions = (
				en,
				Base,
			);
			mainGroup = 92114C832B389B6C002B5146;
			productRefGroup = 92114C8D2B389B6C002B5146 /* Products */;
			projectDirPath = "";
			projectRoot = "";
			targets = (
				92114C8B2B389B6C002B5146 /* MyTeslaApp */,
			);
		};
/* End PBXProject section */

/* Begin PBXResourcesBuildPhase section */
		92114C8A2B389B6C002B5146 /* Resources */ = {
			isa = PBXResourcesBuildPhase;
			buildActionMask = 2147483647;
			files = (
				92114C972B389B6D002B5146 /* Preview Assets.xcassets in Resources */,
				92114C942B389B6D002B5146 /* Assets.xcassets in Resources */,
			);
			runOnlyForDeploymentPostprocessing = 0;
		};
/* End PBXResourcesBuildPhase section */

/* Begin PBXSourcesBuildPhase section */
		92114C882B389B6C002B5146 /* Sources */ = {
			isa = PBXSourcesBuildPhase;
			buildActionMask = 2147483647;
			files = (
				92CCEB5F2B39530B00B1CFB6 /* ReorderButtonView.swift in Sources */,
				92114CB32B38B963002B5146 /* AllSettingsView.swift in Sources */,
				92114CA52B389FF8002B5146 /* HomeHeaderView.swift in Sources */,
				92114CAE2B38AC4B002B5146 /* CategoryHeader.swift in Sources */,
				92CCEB642B395C6400B1CFB6 /* CarLockButtonView.swift in Sources */,
				92CCEB622B39578700B1CFB6 /* CarControlView.swift in Sources */,
				92114CAB2B38A603002B5146 /* CarSectionView.swift in Sources */,
				92114C922B389B6C002B5146 /* ContentView.swift in Sources */,
				92114CA82B38A3AA002B5146 /* GeneralButtonView.swift in Sources */,
				92114C902B389B6C002B5146 /* MyTeslaAppApp.swift in Sources */,
				92114CB02B38AF06002B5146 /* CategoryView.swift in Sources */,
				92114CA22B389E43002B5146 /* VoiceCommandButtonView.swift in Sources */,
			);
			runOnlyForDeploymentPostprocessing = 0;
		};
/* End PBXSourcesBuildPhase section */

/* Begin XCBuildConfiguration section */
		92114C982B389B6D002B5146 /* Debug */ = {
			isa = XCBuildConfiguration;
			buildSettings = {
				ALWAYS_SEARCH_USER_PATHS = NO;
				ASSETCATALOG_COMPILER_GENERATE_SWIFT_ASSET_SYMBOL_EXTENSIONS = YES;
				CLANG_ANALYZER_NONNULL = YES;
				CLANG_ANALYZER_NUMBER_OBJECT_CONVERSION = YES_AGGRESSIVE;
				CLANG_CXX_LANGUAGE_STANDARD = "gnu++20";
				CLANG_ENABLE_MODULES = YES;
				CLANG_ENABLE_OBJC_ARC = YES;
				CLANG_ENABLE_OBJC_WEAK = YES;
				CLANG_WARN_BLOCK_CAPTURE_AUTORELEASING = YES;
				CLANG_WARN_BOOL_CONVERSION = YES;
				CLANG_WARN_COMMA = YES;
				CLANG_WARN_CONSTANT_CONVERSION = YES;
				CLANG_WARN_DEPRECATED_OBJC_IMPLEMENTATIONS = YES;
				CLANG_WARN_DIRECT_OBJC_ISA_USAGE = YES_ERROR;
				CLANG_WARN_DOCUMENTATION_COMMENTS = YES;
				CLANG_WARN_EMPTY_BODY = YES;
				CLANG_WARN_ENUM_CONVERSION = YES;
				CLANG_WARN_INFINITE_RECURSION = YES;
				CLANG_WARN_INT_CONVERSION = YES;
				CLANG_WARN_NON_LITERAL_NULL_CONVERSION = YES;
				CLANG_WARN_OBJC_IMPLICIT_RETAIN_SELF = YES;
				CLANG_WARN_OBJC_LITERAL_CONVERSION = YES;
				CLANG_WARN_OBJC_ROOT_CLASS = YES_ERROR;
				CLANG_WARN_QUOTED_INCLUDE_IN_FRAMEWORK_HEADER = YES;
				CLANG_WARN_RANGE_LOOP_ANALYSIS = YES;
				CLANG_WARN_STRICT_PROTOTYPES = YES;
				CLANG_WARN_SUSPICIOUS_MOVE = YES;
				CLANG_WARN_UNGUARDED_AVAILABILITY = YES_AGGRESSIVE;
				CLANG_WARN_UNREACHABLE_CODE = YES;
				CLANG_WARN__DUPLICATE_METHOD_MATCH = YES;
				COPY_PHASE_STRIP = NO;
				DEBUG_INFORMATION_FORMAT = dwarf;
				ENABLE_STRICT_OBJC_MSGSEND = YES;
				ENABLE_TESTABILITY = YES;
				ENABLE_USER_SCRIPT_SANDBOXING = YES;
				GCC_C_LANGUAGE_STANDARD = gnu17;
				GCC_DYNAMIC_NO_PIC = NO;
				GCC_NO_COMMON_BLOCKS = YES;
				GCC_OPTIMIZATION_LEVEL = 0;
				GCC_PREPROCESSOR_DEFINITIONS = (
					"DEBUG=1",
					"$(inherited)",
				);
				GCC_WARN_64_TO_32_BIT_CONVERSION = YES;
				GCC_WARN_ABOUT_RETURN_TYPE = YES_ERROR;
				GCC_WARN_UNDECLARED_SELECTOR = YES;
				GCC_WARN_UNINITIALIZED_AUTOS = YES_AGGRESSIVE;
				GCC_WARN_UNUSED_FUNCTION = YES;
				GCC_WARN_UNUSED_VARIABLE = YES;
				IPHONEOS_DEPLOYMENT_TARGET = 17.0;
				LOCALIZATION_PREFERS_STRING_CATALOGS = YES;
				MTL_ENABLE_DEBUG_INFO = INCLUDE_SOURCE;
				MTL_FAST_MATH = YES;
				ONLY_ACTIVE_ARCH = YES;
				SDKROOT = iphoneos;
				SWIFT_ACTIVE_COMPILATION_CONDITIONS = "DEBUG $(inherited)";
				SWIFT_OPTIMIZATION_LEVEL = "-Onone";
			};
			name = Debug;
		};
		92114C992B389B6D002B5146 /* Release */ = {
			isa = XCBuildConfiguration;
			buildSettings = {
				ALWAYS_SEARCH_USER_PATHS = NO;
				ASSETCATALOG_COMPILER_GENERATE_SWIFT_ASSET_SYMBOL_EXTENSIONS = YES;
				CLANG_ANALYZER_NONNULL = YES;
				CLANG_ANALYZER_NUMBER_OBJECT_CONVERSION = YES_AGGRESSIVE;
				CLANG_CXX_LANGUAGE_STANDARD = "gnu++20";
				CLANG_ENABLE_MODULES = YES;
				CLANG_ENABLE_OBJC_ARC = YES;
				CLANG_ENABLE_OBJC_WEAK = YES;
				CLANG_WARN_BLOCK_CAPTURE_AUTORELEASING = YES;
				CLANG_WARN_BOOL_CONVERSION = YES;
				CLANG_WARN_COMMA = YES;
				CLANG_WARN_CONSTANT_CONVERSION = YES;
				CLANG_WARN_DEPRECATED_OBJC_IMPLEMENTATIONS = YES;
				CLANG_WARN_DIRECT_OBJC_ISA_USAGE = YES_ERROR;
				CLANG_WARN_DOCUMENTATION_COMMENTS = YES;
				CLANG_WARN_EMPTY_BODY = YES;
				CLANG_WARN_ENUM_CONVERSION = YES;
				CLANG_WARN_INFINITE_RECURSION = YES;
				CLANG_WARN_INT_CONVERSION = YES;
				CLANG_WARN_NON_LITERAL_NULL_CONVERSION = YES;
				CLANG_WARN_OBJC_IMPLICIT_RETAIN_SELF = YES;
				CLANG_WARN_OBJC_LITERAL_CONVERSION = YES;
				CLANG_WARN_OBJC_ROOT_CLASS = YES_ERROR;
				CLANG_WARN_QUOTED_INCLUDE_IN_FRAMEWORK_HEADER = YES;
				CLANG_WARN_RANGE_LOOP_ANALYSIS = YES;
				CLANG_WARN_STRICT_PROTOTYPES = YES;
				CLANG_WARN_SUSPICIOUS_MOVE = YES;
				CLANG_WARN_UNGUARDED_AVAILABILITY = YES_AGGRESSIVE;
				CLANG_WARN_UNREACHABLE_CODE = YES;
				CLANG_WARN__DUPLICATE_METHOD_MATCH = YES;
				COPY_PHASE_STRIP = NO;
				DEBUG_INFORMATION_FORMAT = "dwarf-with-dsym";
				ENABLE_NS_ASSERTIONS = NO;
				ENABLE_STRICT_OBJC_MSGSEND = YES;
				ENABLE_USER_SCRIPT_SANDBOXING = YES;
				GCC_C_LANGUAGE_STANDARD = gnu17;
				GCC_NO_COMMON_BLOCKS = YES;
				GCC_WARN_64_TO_32_BIT_CONVERSION = YES;
				GCC_WARN_ABOUT_RETURN_TYPE = YES_ERROR;
				GCC_WARN_UNDECLARED_SELECTOR = YES;
				GCC_WARN_UNINITIALIZED_AUTOS = YES_AGGRESSIVE;
				GCC_WARN_UNUSED_FUNCTION = YES;
				GCC_WARN_UNUSED_VARIABLE = YES;
				IPHONEOS_DEPLOYMENT_TARGET = 17.0;
				LOCALIZATION_PREFERS_STRING_CATALOGS = YES;
				MTL_ENABLE_DEBUG_INFO = NO;
				MTL_FAST_MATH = YES;
				SDKROOT = iphoneos;
				SWIFT_COMPILATION_MODE = wholemodule;
				VALIDATE_PRODUCT = YES;
			};
			name = Release;
		};
		92114C9B2B389B6D002B5146 /* Debug */ = {
			isa = XCBuildConfiguration;
			buildSettings = {
				ASSETCATALOG_COMPILER_APPICON_NAME = AppIcon;
				ASSETCATALOG_COMPILER_GLOBAL_ACCENT_COLOR_NAME = AccentColor;
				CODE_SIGN_STYLE = Automatic;
				CURRENT_PROJECT_VERSION = 1;
				DEVELOPMENT_ASSET_PATHS = "\"MyTeslaApp/Preview Content\"";
				DEVELOPMENT_TEAM = M668D943Y7;
				ENABLE_PREVIEWS = YES;
				GENERATE_INFOPLIST_FILE = YES;
				INFOPLIST_KEY_UIApplicationSceneManifest_Generation = YES;
				INFOPLIST_KEY_UIApplicationSupportsIndirectInputEvents = YES;
				INFOPLIST_KEY_UILaunchScreen_Generation = YES;
				INFOPLIST_KEY_UISupportedInterfaceOrientations = UIInterfaceOrientationPortrait;
				LD_RUNPATH_SEARCH_PATHS = (
					"$(inherited)",
					"@executable_path/Frameworks",
				);
				MARKETING_VERSION = 1.0;
				PRODUCT_BUNDLE_IDENTIFIER = com.christoseteoglou.MyTeslaApp;
				PRODUCT_NAME = "$(TARGET_NAME)";
				SWIFT_EMIT_LOC_STRINGS = YES;
				SWIFT_VERSION = 5.0;
				TARGETED_DEVICE_FAMILY = "1,2";
			};
			name = Debug;
		};
		92114C9C2B389B6D002B5146 /* Release */ = {
			isa = XCBuildConfiguration;
			buildSettings = {
				ASSETCATALOG_COMPILER_APPICON_NAME = AppIcon;
				ASSETCATALOG_COMPILER_GLOBAL_ACCENT_COLOR_NAME = AccentColor;
				CODE_SIGN_STYLE = Automatic;
				CURRENT_PROJECT_VERSION = 1;
				DEVELOPMENT_ASSET_PATHS = "\"MyTeslaApp/Preview Content\"";
				DEVELOPMENT_TEAM = M668D943Y7;
				ENABLE_PREVIEWS = YES;
				GENERATE_INFOPLIST_FILE = YES;
				INFOPLIST_KEY_UIApplicationSceneManifest_Generation = YES;
				INFOPLIST_KEY_UIApplicationSupportsIndirectInputEvents = YES;
				INFOPLIST_KEY_UILaunchScreen_Generation = YES;
				INFOPLIST_KEY_UISupportedInterfaceOrientations = UIInterfaceOrientationPortrait;
				LD_RUNPATH_SEARCH_PATHS = (
					"$(inherited)",
					"@executable_path/Frameworks",
				);
				MARKETING_VERSION = 1.0;
				PRODUCT_BUNDLE_IDENTIFIER = com.christoseteoglou.MyTeslaApp;
				PRODUCT_NAME = "$(TARGET_NAME)";
				SWIFT_EMIT_LOC_STRINGS = YES;
				SWIFT_VERSION = 5.0;
				TARGETED_DEVICE_FAMILY = "1,2";
			};
			name = Release;
		};
/* End XCBuildConfiguration section */

/* Begin XCConfigurationList section */
		92114C872B389B6C002B5146 /* Build configuration list for PBXProject "MyTeslaApp" */ = {
			isa = XCConfigurationList;
			buildConfigurations = (
				92114C982B389B6D002B5146 /* Debug */,
				92114C992B389B6D002B5146 /* Release */,
			);
			defaultConfigurationIsVisible = 0;
			defaultConfigurationName = Release;
		};
		92114C9A2B389B6D002B5146 /* Build configuration list for PBXNativeTarget "MyTeslaApp" */ = {
			isa = XCConfigurationList;
			buildConfigurations = (
				92114C9B2B389B6D002B5146 /* Debug */,
				92114C9C2B389B6D002B5146 /* Release */,
			);
			defaultConfigurationIsVisible = 0;
			defaultConfigurationName = Release;
		};
/* End XCConfigurationList section */
	};
	rootObject = 92114C842B389B6C002B5146 /* Project object */;
}
